
Microsoft Visual Studio Solution File, Format Version 12.00
# Visual Studio 2015
Project("{FAE04EC0-301F-11D3-BF4B-00C04F79EFBC}") = "minimob-addemo-unity.CSharp", "minimob-addemo-unity.CSharp.csproj", "{81B88A1F-0573-686D-600B-1FB86F055DDD}"
EndProject
Global
	GlobalSection(SolutionConfigurationPlatforms) = preSolution
		Debug|Any CPU = Debug|Any CPU
		Release|Any CPU = Release|Any CPU
	EndGlobalSection
	GlobalSection(ProjectConfigurationPlatforms) = postSolution
		{81B88A1F-0573-686D-600B-1FB86F055DDD}.Debug|Any CPU.ActiveCfg = Debug|Any CPU
		{81B88A1F-0573-686D-600B-1FB86F055DDD}.Debug|Any CPU.Build.0 = Debug|Any CPU
		{81B88A1F-0573-686D-600B-1FB86F055DDD}.Release|Any CPU.ActiveCfg = Release|Any CPU
		{81B88A1F-0573-686D-600B-1FB86F055DDD}.Release|Any CPU.Build.0 = Release|Any CPU
	EndGlobalSection
	GlobalSection(SolutionProperties) = preSolution
		HideSolutionNode = FALSE
	EndGlobalSection
EndGlobal
