
Microsoft Visual Studio Solution File, Format Version 12.00
# Visual Studio 2015
Project("{FAE04EC0-301F-11D3-BF4B-00C04F79EFBC}") = "source.CSharp", "source.CSharp.csproj", "{DE8F6384-BEE3-67F4-5D23-5CE3A8CD2ACF}"
EndProject
Global
	GlobalSection(SolutionConfigurationPlatforms) = preSolution
		Debug|Any CPU = Debug|Any CPU
		Release|Any CPU = Release|Any CPU
	EndGlobalSection
	GlobalSection(ProjectConfigurationPlatforms) = postSolution
		{DE8F6384-BEE3-67F4-5D23-5CE3A8CD2ACF}.Debug|Any CPU.ActiveCfg = Debug|Any CPU
		{DE8F6384-BEE3-67F4-5D23-5CE3A8CD2ACF}.Debug|Any CPU.Build.0 = Debug|Any CPU
		{DE8F6384-BEE3-67F4-5D23-5CE3A8CD2ACF}.Release|Any CPU.ActiveCfg = Release|Any CPU
		{DE8F6384-BEE3-67F4-5D23-5CE3A8CD2ACF}.Release|Any CPU.Build.0 = Release|Any CPU
	EndGlobalSection
	GlobalSection(SolutionProperties) = preSolution
		HideSolutionNode = FALSE
	EndGlobalSection
EndGlobal
